
Microsoft Visual Studio Solution File, Format Version 12.00
# Visual Studio Version 16
VisualStudioVersion = 16.0.29409.12
MinimumVisualStudioVersion = 10.0.40219.1
Project("{FAE04EC0-301F-11D3-BF4B-00C04F79EFBC}") = "Website", "Website\Website.csproj", "{639D262E-352A-4E52-B458-AD1EF4C60E9F}"
EndProject
Global
	GlobalSection(SolutionConfigurationPlatforms) = preSolution
		Debug|Any CPU = Debug|Any CPU
		Release|Any CPU = Release|Any CPU
	EndGlobalSection
	GlobalSection(ProjectConfigurationPlatforms) = postSolution
		{639D262E-352A-4E52-B458-AD1EF4C60E9F}.Debug|Any CPU.ActiveCfg = Debug|Any CPU
		{639D262E-352A-4E52-B458-AD1EF4C60E9F}.Debug|Any CPU.Build.0 = Debug|Any CPU
		{639D262E-352A-4E52-B458-AD1EF4C60E9F}.Release|Any CPU.ActiveCfg = Release|Any CPU
		{639D262E-352A-4E52-B458-AD1EF4C60E9F}.Release|Any CPU.Build.0 = Release|Any CPU
	EndGlobalSection
	GlobalSection(SolutionProperties) = preSolution
		HideSolutionNode = FALSE
	EndGlobalSection
	GlobalSection(ExtensibilityGlobals) = postSolution
		SolutionGuid = {049287D0-D7BC-4654-913E-E32A08731CD1}
	EndGlobalSection
EndGlobal
